
Microsoft Visual Studio Solution File, Format Version 12.00
# Visual Studio Version 16
VisualStudioVersion = 16.0.31729.503
MinimumVisualStudioVersion = 10.0.40219.1
Project("{FAE04EC0-301F-11D3-BF4B-00C04F79EFBC}") = "wORD", "wORD\wORD.csproj", "{024FEA0F-19E1-4491-A26D-48B76A68693D}"
EndProject
Global
	GlobalSection(SolutionConfigurationPlatforms) = preSolution
		Debug|Any CPU = Debug|Any CPU
		Release|Any CPU = Release|Any CPU
	EndGlobalSection
	GlobalSection(ProjectConfigurationPlatforms) = postSolution
		{024FEA0F-19E1-4491-A26D-48B76A68693D}.Debug|Any CPU.ActiveCfg = Debug|Any CPU
		{024FEA0F-19E1-4491-A26D-48B76A68693D}.Debug|Any CPU.Build.0 = Debug|Any CPU
		{024FEA0F-19E1-4491-A26D-48B76A68693D}.Release|Any CPU.ActiveCfg = Release|Any CPU
		{024FEA0F-19E1-4491-A26D-48B76A68693D}.Release|Any CPU.Build.0 = Release|Any CPU
	EndGlobalSection
	GlobalSection(SolutionProperties) = preSolution
		HideSolutionNode = FALSE
	EndGlobalSection
	GlobalSection(ExtensibilityGlobals) = postSolution
		SolutionGuid = {73349C7F-A86A-4C17-AEE9-AF83BC044FB0}
	EndGlobalSection
EndGlobal
